
Microsoft Visual Studio Solution File, Format Version 12.00
# Visual Studio Version 16
VisualStudioVersion = 16.0.33529.622
MinimumVisualStudioVersion = 10.0.40219.1
Project("{FAE04EC0-301F-11D3-BF4B-00C04F79EFBC}") = "Screenshot Protection", "Screenshot Protection\Screenshot Protection.csproj", "{A0F7D9DC-24AA-4FE1-B3D4-E1D0A91863FD}"
EndProject
Global
	GlobalSection(SolutionConfigurationPlatforms) = preSolution
		Debug|Any CPU = Debug|Any CPU
		Release|Any CPU = Release|Any CPU
	EndGlobalSection
	GlobalSection(ProjectConfigurationPlatforms) = postSolution
		{A0F7D9DC-24AA-4FE1-B3D4-E1D0A91863FD}.Debug|Any CPU.ActiveCfg = Debug|Any CPU
		{A0F7D9DC-24AA-4FE1-B3D4-E1D0A91863FD}.Debug|Any CPU.Build.0 = Debug|Any CPU
		{A0F7D9DC-24AA-4FE1-B3D4-E1D0A91863FD}.Release|Any CPU.ActiveCfg = Release|Any CPU
		{A0F7D9DC-24AA-4FE1-B3D4-E1D0A91863FD}.Release|Any CPU.Build.0 = Release|Any CPU
	EndGlobalSection
	GlobalSection(SolutionProperties) = preSolution
		HideSolutionNode = FALSE
	EndGlobalSection
	GlobalSection(ExtensibilityGlobals) = postSolution
		SolutionGuid = {8DC7DE5D-A862-4F3F-95B6-C61DA0393900}
	EndGlobalSection
EndGlobal
